
Microsoft Visual Studio Solution File, Format Version 12.00
# Visual Studio 2012
Project("{8BC9CEB8-8B4A-11D0-8D11-00A0C91BC942}") = "Search Engine V3", "Search Engine V3\Search Engine V3.vcxproj", "{603A0A52-D6CE-4E1A-9CCA-5CBD71D8A028}"
EndProject
Global
	GlobalSection(SolutionConfigurationPlatforms) = preSolution
		Debug|Win32 = Debug|Win32
		Release|Win32 = Release|Win32
	EndGlobalSection
	GlobalSection(ProjectConfigurationPlatforms) = postSolution
		{603A0A52-D6CE-4E1A-9CCA-5CBD71D8A028}.Debug|Win32.ActiveCfg = Debug|Win32
		{603A0A52-D6CE-4E1A-9CCA-5CBD71D8A028}.Debug|Win32.Build.0 = Debug|Win32
		{603A0A52-D6CE-4E1A-9CCA-5CBD71D8A028}.Release|Win32.ActiveCfg = Release|Win32
		{603A0A52-D6CE-4E1A-9CCA-5CBD71D8A028}.Release|Win32.Build.0 = Release|Win32
	EndGlobalSection
	GlobalSection(SolutionProperties) = preSolution
		HideSolutionNode = FALSE
	EndGlobalSection
EndGlobal
